
Microsoft Visual Studio Solution File, Format Version 12.00
# Visual Studio 15
VisualStudioVersion = 15.0.28307.106
MinimumVisualStudioVersion = 10.0.40219.1
Project("{D954291E-2A0B-460D-934E-DC6B0785DB48}") = "GeekBrainsCSAdv01_HomeWork_BrizhakAndrei", "GeekBrainsCSAdv01_HomeWork_BrizhakAndrei\GeekBrainsCSAdv01_HomeWork_BrizhakAndrei.shproj", "{06234936-49B7-460C-8B4A-E6FA654988AE}"
EndProject
Global
	GlobalSection(SharedMSBuildProjectFiles) = preSolution
		GeekBrainsCSAdv01_HomeWork_BrizhakAndrei\GeekBrainsCSAdv01_HomeWork_BrizhakAndrei.projitems*{06234936-49b7-460c-8b4a-e6fa654988ae}*SharedItemsImports = 13
	EndGlobalSection
	GlobalSection(SolutionProperties) = preSolution
		HideSolutionNode = FALSE
	EndGlobalSection
	GlobalSection(ExtensibilityGlobals) = postSolution
		SolutionGuid = {6B7F4F77-0C03-41F6-B572-65847652B5DF}
	EndGlobalSection
EndGlobal
